
Microsoft Visual Studio Solution File, Format Version 12.00
# Visual Studio Version 16
VisualStudioVersion = 16.0.30330.147
MinimumVisualStudioVersion = 10.0.40219.1
Project("{8BC9CEB8-8B4A-11D0-8D11-00A0C91BC942}") = "SDL_Particle_Project", "SDL_Particle_Project\SDL_Particle_Project.vcxproj", "{0036F0F1-4A72-41C1-8D5C-5ED38E281FBE}"
EndProject
Global
	GlobalSection(SolutionConfigurationPlatforms) = preSolution
		Debug|x64 = Debug|x64
		Debug|x86 = Debug|x86
		Release|x64 = Release|x64
		Release|x86 = Release|x86
	EndGlobalSection
	GlobalSection(ProjectConfigurationPlatforms) = postSolution
		{0036F0F1-4A72-41C1-8D5C-5ED38E281FBE}.Debug|x64.ActiveCfg = Debug|x64
		{0036F0F1-4A72-41C1-8D5C-5ED38E281FBE}.Debug|x64.Build.0 = Debug|x64
		{0036F0F1-4A72-41C1-8D5C-5ED38E281FBE}.Debug|x86.ActiveCfg = Release|x64
		{0036F0F1-4A72-41C1-8D5C-5ED38E281FBE}.Debug|x86.Build.0 = Release|x64
		{0036F0F1-4A72-41C1-8D5C-5ED38E281FBE}.Release|x64.ActiveCfg = Release|x64
		{0036F0F1-4A72-41C1-8D5C-5ED38E281FBE}.Release|x64.Build.0 = Release|x64
		{0036F0F1-4A72-41C1-8D5C-5ED38E281FBE}.Release|x86.ActiveCfg = Release|Win32
		{0036F0F1-4A72-41C1-8D5C-5ED38E281FBE}.Release|x86.Build.0 = Release|Win32
	EndGlobalSection
	GlobalSection(SolutionProperties) = preSolution
		HideSolutionNode = FALSE
	EndGlobalSection
	GlobalSection(ExtensibilityGlobals) = postSolution
		SolutionGuid = {30190490-E80B-422E-A9A2-134990FE4554}
	EndGlobalSection
EndGlobal
